{
  "name": "pmpt-eject",
  "version": "1.0.0",
  "lockfileVersion": 3,
  "requires": true,
  "packages": {
    "": {
      "name": "pmpt-eject",
      "version": "1.0.0",
      "license": "MIT",
      "bin": {
        "pmpt-eject": "bin/pmpt-eject.mjs"
      },
      "engines": {
        "node": ">=22.0.0"
      }
    }
  }
}
